
Microsoft Visual Studio Solution File, Format Version 12.00
# Visual Studio Version 17
VisualStudioVersion = 17.5.33530.505
MinimumVisualStudioVersion = 10.0.40219.1
Project("{FAE04EC0-301F-11D3-BF4B-00C04F79EFBC}") = "PostgreSQL", "PostgreSQL\PostgreSQL.csproj", "{C252A959-5078-4166-98B9-7BB892835F45}"
EndProject
Project("{FAE04EC0-301F-11D3-BF4B-00C04F79EFBC}") = "PostgreSQL.DataEntities", "PostgreSQL.DataEntities\PostgreSQL.DataEntities.csproj", "{C6C506C1-B930-4983-99FE-95FB396BA1C8}"
EndProject
Project("{FAE04EC0-301F-11D3-BF4B-00C04F79EFBC}") = "PostgreSQL.Repository", "PostgreSQL.Repository\PostgreSQL.Repository.csproj", "{F1FA8A17-BF5D-4A9C-A778-025EBD0BDBC4}"
EndProject
Project("{FAE04EC0-301F-11D3-BF4B-00C04F79EFBC}") = "PostgreSQL.DataLayer", "PostgreSQL.DataLayer\PostgreSQL.DataLayer.csproj", "{43AB60C0-5C46-4F24-951F-56DA61831B19}"
EndProject
Global
	GlobalSection(SolutionConfigurationPlatforms) = preSolution
		Debug|Any CPU = Debug|Any CPU
		Release|Any CPU = Release|Any CPU
	EndGlobalSection
	GlobalSection(ProjectConfigurationPlatforms) = postSolution
		{C252A959-5078-4166-98B9-7BB892835F45}.Debug|Any CPU.ActiveCfg = Debug|Any CPU
		{C252A959-5078-4166-98B9-7BB892835F45}.Debug|Any CPU.Build.0 = Debug|Any CPU
		{C252A959-5078-4166-98B9-7BB892835F45}.Release|Any CPU.ActiveCfg = Release|Any CPU
		{C252A959-5078-4166-98B9-7BB892835F45}.Release|Any CPU.Build.0 = Release|Any CPU
		{C6C506C1-B930-4983-99FE-95FB396BA1C8}.Debug|Any CPU.ActiveCfg = Debug|Any CPU
		{C6C506C1-B930-4983-99FE-95FB396BA1C8}.Debug|Any CPU.Build.0 = Debug|Any CPU
		{C6C506C1-B930-4983-99FE-95FB396BA1C8}.Release|Any CPU.ActiveCfg = Release|Any CPU
		{C6C506C1-B930-4983-99FE-95FB396BA1C8}.Release|Any CPU.Build.0 = Release|Any CPU
		{F1FA8A17-BF5D-4A9C-A778-025EBD0BDBC4}.Debug|Any CPU.ActiveCfg = Debug|Any CPU
		{F1FA8A17-BF5D-4A9C-A778-025EBD0BDBC4}.Debug|Any CPU.Build.0 = Debug|Any CPU
		{F1FA8A17-BF5D-4A9C-A778-025EBD0BDBC4}.Release|Any CPU.ActiveCfg = Release|Any CPU
		{F1FA8A17-BF5D-4A9C-A778-025EBD0BDBC4}.Release|Any CPU.Build.0 = Release|Any CPU
		{43AB60C0-5C46-4F24-951F-56DA61831B19}.Debug|Any CPU.ActiveCfg = Debug|Any CPU
		{43AB60C0-5C46-4F24-951F-56DA61831B19}.Debug|Any CPU.Build.0 = Debug|Any CPU
		{43AB60C0-5C46-4F24-951F-56DA61831B19}.Release|Any CPU.ActiveCfg = Release|Any CPU
		{43AB60C0-5C46-4F24-951F-56DA61831B19}.Release|Any CPU.Build.0 = Release|Any CPU
	EndGlobalSection
	GlobalSection(SolutionProperties) = preSolution
		HideSolutionNode = FALSE
	EndGlobalSection
	GlobalSection(ExtensibilityGlobals) = postSolution
		SolutionGuid = {BCEFBA6A-CE0B-4CFF-B5B2-66C52CB0717E}
	EndGlobalSection
EndGlobal
